# @generated - this file is auto-generated by `mise lock` https://mise.jdx.dev/dev-tools/mise-lock.html

[[tools.lefthook]]
version = "2.1.0"
backend = "aqua:evilmartians/lefthook"

[tools.lefthook."platforms.linux-arm64"]
checksum = "sha256:f8441d1c59937a9a7f153a0c873b37f6983a18e6704351e172c0f69ea5230109"
url = "https://github.com/evilmartians/lefthook/releases/download/v2.1.0/lefthook_2.1.0_Linux_aarch64.gz"

[tools.lefthook."platforms.linux-arm64-musl"]
checksum = "sha256:f8441d1c59937a9a7f153a0c873b37f6983a18e6704351e172c0f69ea5230109"
url = "https://github.com/evilmartians/lefthook/releases/download/v2.1.0/lefthook_2.1.0_Linux_aarch64.gz"

[tools.lefthook."platforms.linux-x64"]
checksum = "sha256:2c5a385098de3fe9a45eea404eb6284ffcc537ec27556772ccc6ba31879b4fca"
url = "https://github.com/evilmartians/lefthook/releases/download/v2.1.0/lefthook_2.1.0_Linux_x86_64.gz"

[tools.lefthook."platforms.linux-x64-musl"]
checksum = "sha256:2c5a385098de3fe9a45eea404eb6284ffcc537ec27556772ccc6ba31879b4fca"
url = "https://github.com/evilmartians/lefthook/releases/download/v2.1.0/lefthook_2.1.0_Linux_x86_64.gz"

[tools.lefthook."platforms.macos-arm64"]
checksum = "sha256:02171a4cdf2f65b59fcb4a3c4ec1d802aa3e6fe4f49487b0c979c73b5a24b7d5"
url = "https://github.com/evilmartians/lefthook/releases/download/v2.1.0/lefthook_2.1.0_MacOS_arm64.gz"

[tools.lefthook."platforms.macos-x64"]
checksum = "sha256:443e09f52f2dc1d5a06887ac4dfbf318e90726071df54b37208d52fa8aa6f099"
url = "https://github.com/evilmartians/lefthook/releases/download/v2.1.0/lefthook_2.1.0_MacOS_x86_64.gz"

[tools.lefthook."platforms.windows-x64"]
checksum = "sha256:4ca96d5cb30d07339770c6c97910b784e5e3c75524a1375dbf6bc5dbe51d72c3"
url = "https://github.com/evilmartians/lefthook/releases/download/v2.1.0/lefthook_2.1.0_Windows_x86_64.gz"

[[tools.node]]
version = "24.13.0"
backend = "core:node"

[tools.node."platforms.linux-arm64"]
checksum = "sha256:0f6d40b94c6a2eb6b4c240ffc8b9fd3ada7ab044c177dd413c06e1ef9a63f081"
url = "https://nodejs.org/dist/v24.13.0/node-v24.13.0-linux-arm64.tar.gz"

[tools.node."platforms.linux-arm64-musl"]
checksum = "sha256:0f6d40b94c6a2eb6b4c240ffc8b9fd3ada7ab044c177dd413c06e1ef9a63f081"
url = "https://nodejs.org/dist/v24.13.0/node-v24.13.0-linux-arm64.tar.gz"

[tools.node."platforms.linux-x64"]
checksum = "sha256:6223aad1a81f9d1e7b682c59d12e2de233f7b4c37475cd40d1c89c42b737ffa8"
url = "https://nodejs.org/dist/v24.13.0/node-v24.13.0-linux-x64.tar.gz"

[tools.node."platforms.linux-x64-musl"]
checksum = "sha256:6223aad1a81f9d1e7b682c59d12e2de233f7b4c37475cd40d1c89c42b737ffa8"
url = "https://nodejs.org/dist/v24.13.0/node-v24.13.0-linux-x64.tar.gz"

[tools.node."platforms.macos-arm64"]
checksum = "sha256:d595961e563fcae057d4a0fb992f175a54d97fcc4a14dc2d474d92ddeea3b9f8"
url = "https://nodejs.org/dist/v24.13.0/node-v24.13.0-darwin-arm64.tar.gz"

[tools.node."platforms.macos-x64"]
checksum = "sha256:6f03c1b48ddbe1b129a6f8038be08e0899f05f17185b4d3e4350180ab669a7f3"
url = "https://nodejs.org/dist/v24.13.0/node-v24.13.0-darwin-x64.tar.gz"

[tools.node."platforms.windows-x64"]
checksum = "sha256:ca2742695be8de44027d71b3f53a4bdb36009b95575fe1ae6f7f0b5ce091cb88"
url = "https://nodejs.org/dist/v24.13.0/node-v24.13.0-win-x64.zip"
